
Microsoft Visual Studio Solution File, Format Version 12.00
# Visual Studio Version 16
VisualStudioVersion = 16.0.29613.14
MinimumVisualStudioVersion = 10.0.40219.1
Project("{FAE04EC0-301F-11D3-BF4B-00C04F79EFBC}") = "syncfucsionTest", "syncfucsionTest\syncfucsionTest.csproj", "{9648B698-E770-4204-A8BA-F20D615FF39C}"
EndProject
Project("{FAE04EC0-301F-11D3-BF4B-00C04F79EFBC}") = "syncfucsionTest.Android", "syncfucsionTest.Android\syncfucsionTest.Android.csproj", "{FBBA9498-7C16-42B9-9B14-542A3D3F7AEC}"
EndProject
Project("{FAE04EC0-301F-11D3-BF4B-00C04F79EFBC}") = "syncfucsionTest.iOS", "syncfucsionTest.iOS\syncfucsionTest.iOS.csproj", "{6AD77789-AB13-4E4F-9383-3F519E51624C}"
EndProject
Project("{FAE04EC0-301F-11D3-BF4B-00C04F79EFBC}") = "syncfucsionTest.UWP", "syncfucsionTest.UWP\syncfucsionTest.UWP.csproj", "{536C74F4-DE37-4068-8C8E-5EDCE05266AA}"
EndProject
Global
	GlobalSection(SolutionConfigurationPlatforms) = preSolution
		Ad-Hoc|Any CPU = Ad-Hoc|Any CPU
		Ad-Hoc|ARM = Ad-Hoc|ARM
		Ad-Hoc|iPhone = Ad-Hoc|iPhone
		Ad-Hoc|iPhoneSimulator = Ad-Hoc|iPhoneSimulator
		Ad-Hoc|x64 = Ad-Hoc|x64
		Ad-Hoc|x86 = Ad-Hoc|x86
		AppStore|Any CPU = AppStore|Any CPU
		AppStore|ARM = AppStore|ARM
		AppStore|iPhone = AppStore|iPhone
		AppStore|iPhoneSimulator = AppStore|iPhoneSimulator
		AppStore|x64 = AppStore|x64
		AppStore|x86 = AppStore|x86
		Debug|Any CPU = Debug|Any CPU
		Debug|ARM = Debug|ARM
		Debug|iPhone = Debug|iPhone
		Debug|iPhoneSimulator = Debug|iPhoneSimulator
		Debug|x64 = Debug|x64
		Debug|x86 = Debug|x86
		Release|Any CPU = Release|Any CPU
		Release|ARM = Release|ARM
		Release|iPhone = Release|iPhone
		Release|iPhoneSimulator = Release|iPhoneSimulator
		Release|x64 = Release|x64
		Release|x86 = Release|x86
	EndGlobalSection
	GlobalSection(ProjectConfigurationPlatforms) = postSolution
		{9648B698-E770-4204-A8BA-F20D615FF39C}.Ad-Hoc|Any CPU.ActiveCfg = Debug|Any CPU
		{9648B698-E770-4204-A8BA-F20D615FF39C}.Ad-Hoc|Any CPU.Build.0 = Debug|Any CPU
		{9648B698-E770-4204-A8BA-F20D615FF39C}.Ad-Hoc|ARM.ActiveCfg = Debug|Any CPU
		{9648B698-E770-4204-A8BA-F20D615FF39C}.Ad-Hoc|ARM.Build.0 = Debug|Any CPU
		{9648B698-E770-4204-A8BA-F20D615FF39C}.Ad-Hoc|iPhone.ActiveCfg = Debug|Any CPU
		{9648B698-E770-4204-A8BA-F20D615FF39C}.Ad-Hoc|iPhone.Build.0 = Debug|Any CPU
		{9648B698-E770-4204-A8BA-F20D615FF39C}.Ad-Hoc|iPhoneSimulator.ActiveCfg = Debug|Any CPU
		{9648B698-E770-4204-A8BA-F20D615FF39C}.Ad-Hoc|iPhoneSimulator.Build.0 = Debug|Any CPU
		{9648B698-E770-4204-A8BA-F20D615FF39C}.Ad-Hoc|x64.ActiveCfg = Debug|Any CPU
		{9648B698-E770-4204-A8BA-F20D615FF39C}.Ad-Hoc|x64.Build.0 = Debug|Any CPU
		{9648B698-E770-4204-A8BA-F20D615FF39C}.Ad-Hoc|x86.ActiveCfg = Debug|Any CPU
		{9648B698-E770-4204-A8BA-F20D615FF39C}.Ad-Hoc|x86.Build.0 = Debug|Any CPU
		{9648B698-E770-4204-A8BA-F20D615FF39C}.AppStore|Any CPU.ActiveCfg = Debug|Any CPU
		{9648B698-E770-4204-A8BA-F20D615FF39C}.AppStore|Any CPU.Build.0 = Debug|Any CPU
		{9648B698-E770-4204-A8BA-F20D615FF39C}.AppStore|ARM.ActiveCfg = Debug|Any CPU
		{9648B698-E770-4204-A8BA-F20D615FF39C}.AppStore|ARM.Build.0 = Debug|Any CPU
		{9648B698-E770-4204-A8BA-F20D615FF39C}.AppStore|iPhone.ActiveCfg = Debug|Any CPU
		{9648B698-E770-4204-A8BA-F20D615FF39C}.AppStore|iPhone.Build.0 = Debug|Any CPU
		{9648B698-E770-4204-A8BA-F20D615FF39C}.AppStore|iPhoneSimulator.ActiveCfg = Debug|Any CPU
		{9648B698-E770-4204-A8BA-F20D615FF39C}.AppStore|iPhoneSimulator.Build.0 = Debug|Any CPU
		{9648B698-E770-4204-A8BA-F20D615FF39C}.AppStore|x64.ActiveCfg = Debug|Any CPU
		{9648B698-E770-4204-A8BA-F20D615FF39C}.AppStore|x64.Build.0 = Debug|Any CPU
		{9648B698-E770-4204-A8BA-F20D615FF39C}.AppStore|x86.ActiveCfg = Debug|Any CPU
		{9648B698-E770-4204-A8BA-F20D615FF39C}.AppStore|x86.Build.0 = Debug|Any CPU
		{9648B698-E770-4204-A8BA-F20D615FF39C}.Debug|Any CPU.ActiveCfg = Debug|Any CPU
		{9648B698-E770-4204-A8BA-F20D615FF39C}.Debug|Any CPU.Build.0 = Debug|Any CPU
		{9648B698-E770-4204-A8BA-F20D615FF39C}.Debug|ARM.ActiveCfg = Debug|Any CPU
		{9648B698-E770-4204-A8BA-F20D615FF39C}.Debug|ARM.Build.0 = Debug|Any CPU
		{9648B698-E770-4204-A8BA-F20D615FF39C}.Debug|iPhone.ActiveCfg = Debug|Any CPU
		{9648B698-E770-4204-A8BA-F20D615FF39C}.Debug|iPhone.Build.0 = Debug|Any CPU
		{9648B698-E770-4204-A8BA-F20D615FF39C}.Debug|iPhoneSimulator.ActiveCfg = Debug|Any CPU
		{9648B698-E770-4204-A8BA-F20D615FF39C}.Debug|iPhoneSimulator.Build.0 = Debug|Any CPU
		{9648B698-E770-4204-A8BA-F20D615FF39C}.Debug|x64.ActiveCfg = Debug|Any CPU
		{9648B698-E770-4204-A8BA-F20D615FF39C}.Debug|x64.Build.0 = Debug|Any CPU
		{9648B698-E770-4204-A8BA-F20D615FF39C}.Debug|x86.ActiveCfg = Debug|Any CPU
		{9648B698-E770-4204-A8BA-F20D615FF39C}.Debug|x86.Build.0 = Debug|Any CPU
		{9648B698-E770-4204-A8BA-F20D615FF39C}.Release|Any CPU.ActiveCfg = Release|Any CPU
		{9648B698-E770-4204-A8BA-F20D615FF39C}.Release|Any CPU.Build.0 = Release|Any CPU
		{9648B698-E770-4204-A8BA-F20D615FF39C}.Release|ARM.ActiveCfg = Release|Any CPU
		{9648B698-E770-4204-A8BA-F20D615FF39C}.Release|ARM.Build.0 = Release|Any CPU
		{9648B698-E770-4204-A8BA-F20D615FF39C}.Release|iPhone.ActiveCfg = Release|Any CPU
		{9648B698-E770-4204-A8BA-F20D615FF39C}.Release|iPhone.Build.0 = Release|Any CPU
		{9648B698-E770-4204-A8BA-F20D615FF39C}.Release|iPhoneSimulator.ActiveCfg = Release|Any CPU
		{9648B698-E770-4204-A8BA-F20D615FF39C}.Release|iPhoneSimulator.Build.0 = Release|Any CPU
		{9648B698-E770-4204-A8BA-F20D615FF39C}.Release|x64.ActiveCfg = Release|Any CPU
		{9648B698-E770-4204-A8BA-F20D615FF39C}.Release|x64.Build.0 = Release|Any CPU
		{9648B698-E770-4204-A8BA-F20D615FF39C}.Release|x86.ActiveCfg = Release|Any CPU
		{9648B698-E770-4204-A8BA-F20D615FF39C}.Release|x86.Build.0 = Release|Any CPU
		{FBBA9498-7C16-42B9-9B14-542A3D3F7AEC}.Ad-Hoc|Any CPU.ActiveCfg = Release|Any CPU
		{FBBA9498-7C16-42B9-9B14-542A3D3F7AEC}.Ad-Hoc|Any CPU.Build.0 = Release|Any CPU
		{FBBA9498-7C16-42B9-9B14-542A3D3F7AEC}.Ad-Hoc|Any CPU.Deploy.0 = Release|Any CPU
		{FBBA9498-7C16-42B9-9B14-542A3D3F7AEC}.Ad-Hoc|ARM.ActiveCfg = Release|Any CPU
		{FBBA9498-7C16-42B9-9B14-542A3D3F7AEC}.Ad-Hoc|ARM.Build.0 = Release|Any CPU
		{FBBA9498-7C16-42B9-9B14-542A3D3F7AEC}.Ad-Hoc|ARM.Deploy.0 = Release|Any CPU
		{FBBA9498-7C16-42B9-9B14-542A3D3F7AEC}.Ad-Hoc|iPhone.ActiveCfg = Release|Any CPU
		{FBBA9498-7C16-42B9-9B14-542A3D3F7AEC}.Ad-Hoc|iPhone.Build.0 = Release|Any CPU
		{FBBA9498-7C16-42B9-9B14-542A3D3F7AEC}.Ad-Hoc|iPhone.Deploy.0 = Release|Any CPU
		{FBBA9498-7C16-42B9-9B14-542A3D3F7AEC}.Ad-Hoc|iPhoneSimulator.ActiveCfg = Release|Any CPU
		{FBBA9498-7C16-42B9-9B14-542A3D3F7AEC}.Ad-Hoc|iPhoneSimulator.Build.0 = Release|Any CPU
		{FBBA9498-7C16-42B9-9B14-542A3D3F7AEC}.Ad-Hoc|iPhoneSimulator.Deploy.0 = Release|Any CPU
		{FBBA9498-7C16-42B9-9B14-542A3D3F7AEC}.Ad-Hoc|x64.ActiveCfg = Release|Any CPU
		{FBBA9498-7C16-42B9-9B14-542A3D3F7AEC}.Ad-Hoc|x64.Build.0 = Release|Any CPU
		{FBBA9498-7C16-42B9-9B14-542A3D3F7AEC}.Ad-Hoc|x64.Deploy.0 = Release|Any CPU
		{FBBA9498-7C16-42B9-9B14-542A3D3F7AEC}.Ad-Hoc|x86.ActiveCfg = Release|Any CPU
		{FBBA9498-7C16-42B9-9B14-542A3D3F7AEC}.Ad-Hoc|x86.Build.0 = Release|Any CPU
		{FBBA9498-7C16-42B9-9B14-542A3D3F7AEC}.Ad-Hoc|x86.Deploy.0 = Release|Any CPU
		{FBBA9498-7C16-42B9-9B14-542A3D3F7AEC}.AppStore|Any CPU.ActiveCfg = Release|Any CPU
		{FBBA9498-7C16-42B9-9B14-542A3D3F7AEC}.AppStore|Any CPU.Build.0 = Release|Any CPU
		{FBBA9498-7C16-42B9-9B14-542A3D3F7AEC}.AppStore|Any CPU.Deploy.0 = Release|Any CPU
		{FBBA9498-7C16-42B9-9B14-542A3D3F7AEC}.AppStore|ARM.ActiveCfg = Release|Any CPU
		{FBBA9498-7C16-42B9-9B14-542A3D3F7AEC}.AppStore|ARM.Build.0 = Release|Any CPU
		{FBBA9498-7C16-42B9-9B14-542A3D3F7AEC}.AppStore|ARM.Deploy.0 = Release|Any CPU
		{FBBA9498-7C16-42B9-9B14-542A3D3F7AEC}.AppStore|iPhone.ActiveCfg = Release|Any CPU
		{FBBA9498-7C16-42B9-9B14-542A3D3F7AEC}.AppStore|iPhone.Build.0 = Release|Any CPU
		{FBBA9498-7C16-42B9-9B14-542A3D3F7AEC}.AppStore|iPhone.Deploy.0 = Release|Any CPU
		{FBBA9498-7C16-42B9-9B14-542A3D3F7AEC}.AppStore|iPhoneSimulator.ActiveCfg = Release|Any CPU
		{FBBA9498-7C16-42B9-9B14-542A3D3F7AEC}.AppStore|iPhoneSimulator.Build.0 = Release|Any CPU
		{FBBA9498-7C16-42B9-9B14-542A3D3F7AEC}.AppStore|iPhoneSimulator.Deploy.0 = Release|Any CPU
		{FBBA9498-7C16-42B9-9B14-542A3D3F7AEC}.AppStore|x64.ActiveCfg = Release|Any CPU
		{FBBA9498-7C16-42B9-9B14-542A3D3F7AEC}.AppStore|x64.Build.0 = Release|Any CPU
		{FBBA9498-7C16-42B9-9B14-542A3D3F7AEC}.AppStore|x64.Deploy.0 = Release|Any CPU
		{FBBA9498-7C16-42B9-9B14-542A3D3F7AEC}.AppStore|x86.ActiveCfg = Release|Any CPU
		{FBBA9498-7C16-42B9-9B14-542A3D3F7AEC}.AppStore|x86.Build.0 = Release|Any CPU
		{FBBA9498-7C16-42B9-9B14-542A3D3F7AEC}.AppStore|x86.Deploy.0 = Release|Any CPU
		{FBBA9498-7C16-42B9-9B14-542A3D3F7AEC}.Debug|Any CPU.ActiveCfg = Debug|Any CPU
		{FBBA9498-7C16-42B9-9B14-542A3D3F7AEC}.Debug|Any CPU.Build.0 = Debug|Any CPU
		{FBBA9498-7C16-42B9-9B14-542A3D3F7AEC}.Debug|Any CPU.Deploy.0 = Debug|Any CPU
		{FBBA9498-7C16-42B9-9B14-542A3D3F7AEC}.Debug|ARM.ActiveCfg = Debug|Any CPU
		{FBBA9498-7C16-42B9-9B14-542A3D3F7AEC}.Debug|ARM.Build.0 = Debug|Any CPU
		{FBBA9498-7C16-42B9-9B14-542A3D3F7AEC}.Debug|ARM.Deploy.0 = Debug|Any CPU
		{FBBA9498-7C16-42B9-9B14-542A3D3F7AEC}.Debug|iPhone.ActiveCfg = Debug|Any CPU
		{FBBA9498-7C16-42B9-9B14-542A3D3F7AEC}.Debug|iPhone.Build.0 = Debug|Any CPU
		{FBBA9498-7C16-42B9-9B14-542A3D3F7AEC}.Debug|iPhone.Deploy.0 = Debug|Any CPU
		{FBBA9498-7C16-42B9-9B14-542A3D3F7AEC}.Debug|iPhoneSimulator.ActiveCfg = Debug|Any CPU
		{FBBA9498-7C16-42B9-9B14-542A3D3F7AEC}.Debug|iPhoneSimulator.Build.0 = Debug|Any CPU
		{FBBA9498-7C16-42B9-9B14-542A3D3F7AEC}.Debug|iPhoneSimulator.Deploy.0 = Debug|Any CPU
		{FBBA9498-7C16-42B9-9B14-542A3D3F7AEC}.Debug|x64.ActiveCfg = Debug|Any CPU
		{FBBA9498-7C16-42B9-9B14-542A3D3F7AEC}.Debug|x64.Build.0 = Debug|Any CPU
		{FBBA9498-7C16-42B9-9B14-542A3D3F7AEC}.Debug|x64.Deploy.0 = Debug|Any CPU
		{FBBA9498-7C16-42B9-9B14-542A3D3F7AEC}.Debug|x86.ActiveCfg = Debug|Any CPU
		{FBBA9498-7C16-42B9-9B14-542A3D3F7AEC}.Debug|x86.Build.0 = Debug|Any CPU
		{FBBA9498-7C16-42B9-9B14-542A3D3F7AEC}.Debug|x86.Deploy.0 = Debug|Any CPU
		{FBBA9498-7C16-42B9-9B14-542A3D3F7AEC}.Release|Any CPU.ActiveCfg = Release|Any CPU
		{FBBA9498-7C16-42B9-9B14-542A3D3F7AEC}.Release|Any CPU.Build.0 = Release|Any CPU
		{FBBA9498-7C16-42B9-9B14-542A3D3F7AEC}.Release|Any CPU.Deploy.0 = Release|Any CPU
		{FBBA9498-7C16-42B9-9B14-542A3D3F7AEC}.Release|ARM.ActiveCfg = Release|Any CPU
		{FBBA9498-7C16-42B9-9B14-542A3D3F7AEC}.Release|ARM.Build.0 = Release|Any CPU
		{FBBA9498-7C16-42B9-9B14-542A3D3F7AEC}.Release|ARM.Deploy.0 = Release|Any CPU
		{FBBA9498-7C16-42B9-9B14-542A3D3F7AEC}.Release|iPhone.ActiveCfg = Release|Any CPU
		{FBBA9498-7C16-42B9-9B14-542A3D3F7AEC}.Release|iPhone.Build.0 = Release|Any CPU
		{FBBA9498-7C16-42B9-9B14-542A3D3F7AEC}.Release|iPhone.Deploy.0 = Release|Any CPU
		{FBBA9498-7C16-42B9-9B14-542A3D3F7AEC}.Release|iPhoneSimulator.ActiveCfg = Release|Any CPU
		{FBBA9498-7C16-42B9-9B14-542A3D3F7AEC}.Release|iPhoneSimulator.Build.0 = Release|Any CPU
		{FBBA9498-7C16-42B9-9B14-542A3D3F7AEC}.Release|iPhoneSimulator.Deploy.0 = Release|Any CPU
		{FBBA9498-7C16-42B9-9B14-542A3D3F7AEC}.Release|x64.ActiveCfg = Release|Any CPU
		{FBBA9498-7C16-42B9-9B14-542A3D3F7AEC}.Release|x64.Build.0 = Release|Any CPU
		{FBBA9498-7C16-42B9-9B14-542A3D3F7AEC}.Release|x64.Deploy.0 = Release|Any CPU
		{FBBA9498-7C16-42B9-9B14-542A3D3F7AEC}.Release|x86.ActiveCfg = Release|Any CPU
		{FBBA9498-7C16-42B9-9B14-542A3D3F7AEC}.Release|x86.Build.0 = Release|Any CPU
		{FBBA9498-7C16-42B9-9B14-542A3D3F7AEC}.Release|x86.Deploy.0 = Release|Any CPU
		{6AD77789-AB13-4E4F-9383-3F519E51624C}.Ad-Hoc|Any CPU.ActiveCfg = Ad-Hoc|iPhone
		{6AD77789-AB13-4E4F-9383-3F519E51624C}.Ad-Hoc|ARM.ActiveCfg = Ad-Hoc|iPhone
		{6AD77789-AB13-4E4F-9383-3F519E51624C}.Ad-Hoc|iPhone.ActiveCfg = Ad-Hoc|iPhone
		{6AD77789-AB13-4E4F-9383-3F519E51624C}.Ad-Hoc|iPhone.Build.0 = Ad-Hoc|iPhone
		{6AD77789-AB13-4E4F-9383-3F519E51624C}.Ad-Hoc|iPhoneSimulator.ActiveCfg = Ad-Hoc|iPhoneSimulator
		{6AD77789-AB13-4E4F-9383-3F519E51624C}.Ad-Hoc|iPhoneSimulator.Build.0 = Ad-Hoc|iPhoneSimulator
		{6AD77789-AB13-4E4F-9383-3F519E51624C}.Ad-Hoc|x64.ActiveCfg = Ad-Hoc|iPhone
		{6AD77789-AB13-4E4F-9383-3F519E51624C}.Ad-Hoc|x86.ActiveCfg = Ad-Hoc|iPhone
		{6AD77789-AB13-4E4F-9383-3F519E51624C}.AppStore|Any CPU.ActiveCfg = AppStore|iPhone
		{6AD77789-AB13-4E4F-9383-3F519E51624C}.AppStore|ARM.ActiveCfg = AppStore|iPhone
		{6AD77789-AB13-4E4F-9383-3F519E51624C}.AppStore|iPhone.ActiveCfg = AppStore|iPhone
		{6AD77789-AB13-4E4F-9383-3F519E51624C}.AppStore|iPhone.Build.0 = AppStore|iPhone
		{6AD77789-AB13-4E4F-9383-3F519E51624C}.AppStore|iPhoneSimulator.ActiveCfg = AppStore|iPhoneSimulator
		{6AD77789-AB13-4E4F-9383-3F519E51624C}.AppStore|iPhoneSimulator.Build.0 = AppStore|iPhoneSimulator
		{6AD77789-AB13-4E4F-9383-3F519E51624C}.AppStore|x64.ActiveCfg = AppStore|iPhone
		{6AD77789-AB13-4E4F-9383-3F519E51624C}.AppStore|x86.ActiveCfg = AppStore|iPhone
		{6AD77789-AB13-4E4F-9383-3F519E51624C}.Debug|Any CPU.ActiveCfg = Debug|iPhone
		{6AD77789-AB13-4E4F-9383-3F519E51624C}.Debug|ARM.ActiveCfg = Debug|iPhone
		{6AD77789-AB13-4E4F-9383-3F519E51624C}.Debug|iPhone.ActiveCfg = Debug|iPhone
		{6AD77789-AB13-4E4F-9383-3F519E51624C}.Debug|iPhone.Build.0 = Debug|iPhone
		{6AD77789-AB13-4E4F-9383-3F519E51624C}.Debug|iPhoneSimulator.ActiveCfg = Debug|iPhoneSimulator
		{6AD77789-AB13-4E4F-9383-3F519E51624C}.Debug|iPhoneSimulator.Build.0 = Debug|iPhoneSimulator
		{6AD77789-AB13-4E4F-9383-3F519E51624C}.Debug|x64.ActiveCfg = Debug|iPhone
		{6AD77789-AB13-4E4F-9383-3F519E51624C}.Debug|x86.ActiveCfg = Debug|iPhone
		{6AD77789-AB13-4E4F-9383-3F519E51624C}.Release|Any CPU.ActiveCfg = Release|iPhone
		{6AD77789-AB13-4E4F-9383-3F519E51624C}.Release|ARM.ActiveCfg = Release|iPhone
		{6AD77789-AB13-4E4F-9383-3F519E51624C}.Release|iPhone.ActiveCfg = Release|iPhone
		{6AD77789-AB13-4E4F-9383-3F519E51624C}.Release|iPhone.Build.0 = Release|iPhone
		{6AD77789-AB13-4E4F-9383-3F519E51624C}.Release|iPhoneSimulator.ActiveCfg = Release|iPhoneSimulator
		{6AD77789-AB13-4E4F-9383-3F519E51624C}.Release|iPhoneSimulator.Build.0 = Release|iPhoneSimulator
		{6AD77789-AB13-4E4F-9383-3F519E51624C}.Release|x64.ActiveCfg = Release|iPhone
		{6AD77789-AB13-4E4F-9383-3F519E51624C}.Release|x86.ActiveCfg = Release|iPhone
		{536C74F4-DE37-4068-8C8E-5EDCE05266AA}.Ad-Hoc|Any CPU.ActiveCfg = Release|x86
		{536C74F4-DE37-4068-8C8E-5EDCE05266AA}.Ad-Hoc|Any CPU.Build.0 = Release|x86
		{536C74F4-DE37-4068-8C8E-5EDCE05266AA}.Ad-Hoc|Any CPU.Deploy.0 = Release|x86
		{536C74F4-DE37-4068-8C8E-5EDCE05266AA}.Ad-Hoc|ARM.ActiveCfg = Release|ARM
		{536C74F4-DE37-4068-8C8E-5EDCE05266AA}.Ad-Hoc|ARM.Build.0 = Release|ARM
		{536C74F4-DE37-4068-8C8E-5EDCE05266AA}.Ad-Hoc|ARM.Deploy.0 = Release|ARM
		{536C74F4-DE37-4068-8C8E-5EDCE05266AA}.Ad-Hoc|iPhone.ActiveCfg = Release|x86
		{536C74F4-DE37-4068-8C8E-5EDCE05266AA}.Ad-Hoc|iPhone.Build.0 = Release|x86
		{536C74F4-DE37-4068-8C8E-5EDCE05266AA}.Ad-Hoc|iPhone.Deploy.0 = Release|x86
		{536C74F4-DE37-4068-8C8E-5EDCE05266AA}.Ad-Hoc|iPhoneSimulator.ActiveCfg = Release|x86
		{536C74F4-DE37-4068-8C8E-5EDCE05266AA}.Ad-Hoc|iPhoneSimulator.Build.0 = Release|x86
		{536C74F4-DE37-4068-8C8E-5EDCE05266AA}.Ad-Hoc|iPhoneSimulator.Deploy.0 = Release|x86
		{536C74F4-DE37-4068-8C8E-5EDCE05266AA}.Ad-Hoc|x64.ActiveCfg = Release|x64
		{536C74F4-DE37-4068-8C8E-5EDCE05266AA}.Ad-Hoc|x64.Build.0 = Release|x64
		{536C74F4-DE37-4068-8C8E-5EDCE05266AA}.Ad-Hoc|x64.Deploy.0 = Release|x64
		{536C74F4-DE37-4068-8C8E-5EDCE05266AA}.Ad-Hoc|x86.ActiveCfg = Release|x86
		{536C74F4-DE37-4068-8C8E-5EDCE05266AA}.Ad-Hoc|x86.Build.0 = Release|x86
		{536C74F4-DE37-4068-8C8E-5EDCE05266AA}.Ad-Hoc|x86.Deploy.0 = Release|x86
		{536C74F4-DE37-4068-8C8E-5EDCE05266AA}.AppStore|Any CPU.ActiveCfg = Release|x86
		{536C74F4-DE37-4068-8C8E-5EDCE05266AA}.AppStore|Any CPU.Build.0 = Release|x86
		{536C74F4-DE37-4068-8C8E-5EDCE05266AA}.AppStore|Any CPU.Deploy.0 = Release|x86
		{536C74F4-DE37-4068-8C8E-5EDCE05266AA}.AppStore|ARM.ActiveCfg = Release|ARM
		{536C74F4-DE37-4068-8C8E-5EDCE05266AA}.AppStore|ARM.Build.0 = Release|ARM
		{536C74F4-DE37-4068-8C8E-5EDCE05266AA}.AppStore|ARM.Deploy.0 = Release|ARM
		{536C74F4-DE37-4068-8C8E-5EDCE05266AA}.AppStore|iPhone.ActiveCfg = Release|x86
		{536C74F4-DE37-4068-8C8E-5EDCE05266AA}.AppStore|iPhone.Build.0 = Release|x86
		{536C74F4-DE37-4068-8C8E-5EDCE05266AA}.AppStore|iPhone.Deploy.0 = Release|x86
		{536C74F4-DE37-4068-8C8E-5EDCE05266AA}.AppStore|iPhoneSimulator.ActiveCfg = Release|x86
		{536C74F4-DE37-4068-8C8E-5EDCE05266AA}.AppStore|iPhoneSimulator.Build.0 = Release|x86
		{536C74F4-DE37-4068-8C8E-5EDCE05266AA}.AppStore|iPhoneSimulator.Deploy.0 = Release|x86
		{536C74F4-DE37-4068-8C8E-5EDCE05266AA}.AppStore|x64.ActiveCfg = Release|x64
		{536C74F4-DE37-4068-8C8E-5EDCE05266AA}.AppStore|x64.Build.0 = Release|x64
		{536C74F4-DE37-4068-8C8E-5EDCE05266AA}.AppStore|x64.Deploy.0 = Release|x64
		{536C74F4-DE37-4068-8C8E-5EDCE05266AA}.AppStore|x86.ActiveCfg = Release|x86
		{536C74F4-DE37-4068-8C8E-5EDCE05266AA}.AppStore|x86.Build.0 = Release|x86
		{536C74F4-DE37-4068-8C8E-5EDCE05266AA}.AppStore|x86.Deploy.0 = Release|x86
		{536C74F4-DE37-4068-8C8E-5EDCE05266AA}.Debug|Any CPU.ActiveCfg = Debug|x86
		{536C74F4-DE37-4068-8C8E-5EDCE05266AA}.Debug|ARM.ActiveCfg = Debug|ARM
		{536C74F4-DE37-4068-8C8E-5EDCE05266AA}.Debug|ARM.Build.0 = Debug|ARM
		{536C74F4-DE37-4068-8C8E-5EDCE05266AA}.Debug|ARM.Deploy.0 = Debug|ARM
		{536C74F4-DE37-4068-8C8E-5EDCE05266AA}.Debug|iPhone.ActiveCfg = Debug|x86
		{536C74F4-DE37-4068-8C8E-5EDCE05266AA}.Debug|iPhoneSimulator.ActiveCfg = Debug|x86
		{536C74F4-DE37-4068-8C8E-5EDCE05266AA}.Debug|x64.ActiveCfg = Debug|x64
		{536C74F4-DE37-4068-8C8E-5EDCE05266AA}.Debug|x64.Build.0 = Debug|x64
		{536C74F4-DE37-4068-8C8E-5EDCE05266AA}.Debug|x64.Deploy.0 = Debug|x64
		{536C74F4-DE37-4068-8C8E-5EDCE05266AA}.Debug|x86.ActiveCfg = Debug|x86
		{536C74F4-DE37-4068-8C8E-5EDCE05266AA}.Debug|x86.Build.0 = Debug|x86
		{536C74F4-DE37-4068-8C8E-5EDCE05266AA}.Debug|x86.Deploy.0 = Debug|x86
		{536C74F4-DE37-4068-8C8E-5EDCE05266AA}.Release|Any CPU.ActiveCfg = Release|x86
		{536C74F4-DE37-4068-8C8E-5EDCE05266AA}.Release|ARM.ActiveCfg = Release|ARM
		{536C74F4-DE37-4068-8C8E-5EDCE05266AA}.Release|ARM.Build.0 = Release|ARM
		{536C74F4-DE37-4068-8C8E-5EDCE05266AA}.Release|ARM.Deploy.0 = Release|ARM
		{536C74F4-DE37-4068-8C8E-5EDCE05266AA}.Release|iPhone.ActiveCfg = Release|x86
		{536C74F4-DE37-4068-8C8E-5EDCE05266AA}.Release|iPhoneSimulator.ActiveCfg = Release|x86
		{536C74F4-DE37-4068-8C8E-5EDCE05266AA}.Release|x64.ActiveCfg = Release|x64
		{536C74F4-DE37-4068-8C8E-5EDCE05266AA}.Release|x64.Build.0 = Release|x64
		{536C74F4-DE37-4068-8C8E-5EDCE05266AA}.Release|x64.Deploy.0 = Release|x64
		{536C74F4-DE37-4068-8C8E-5EDCE05266AA}.Release|x86.ActiveCfg = Release|x86
		{536C74F4-DE37-4068-8C8E-5EDCE05266AA}.Release|x86.Build.0 = Release|x86
		{536C74F4-DE37-4068-8C8E-5EDCE05266AA}.Release|x86.Deploy.0 = Release|x86
	EndGlobalSection
	GlobalSection(SolutionProperties) = preSolution
		HideSolutionNode = FALSE
	EndGlobalSection
	GlobalSection(ExtensibilityGlobals) = postSolution
		SolutionGuid = {D3CF5C23-9560-4B51-AA69-B9F77A4E70BD}
	EndGlobalSection
EndGlobal
